
Microsoft Visual Studio Solution File, Format Version 12.00
# Visual Studio Version 17
VisualStudioVersion = 17.0.31903.59
MinimumVisualStudioVersion = 10.0.40219.1
Project("{FAE04EC0-301F-11D3-BF4B-00C04F79EFBC}") = "CalculatorApi", "CalculatorApi\CalculatorApi.csproj", "{7EDE1C70-1CE2-4BDD-A85B-0C0B8676C25D}"
EndProject
Project("{FAE04EC0-301F-11D3-BF4B-00C04F79EFBC}") = "CalculatorApi.Tests", "CalculatorApi.Tests\CalculatorApi.Tests.csproj", "{7D7D50DE-B739-4872-B46F-1D65B1A34430}"
EndProject
Global
	GlobalSection(SolutionConfigurationPlatforms) = preSolution
		Debug|Any CPU = Debug|Any CPU
		Release|Any CPU = Release|Any CPU
	EndGlobalSection
	GlobalSection(SolutionProperties) = preSolution
		HideSolutionNode = FALSE
	EndGlobalSection
	GlobalSection(ProjectConfigurationPlatforms) = postSolution
		{7EDE1C70-1CE2-4BDD-A85B-0C0B8676C25D}.Debug|Any CPU.ActiveCfg = Debug|Any CPU
		{7EDE1C70-1CE2-4BDD-A85B-0C0B8676C25D}.Debug|Any CPU.Build.0 = Debug|Any CPU
		{7EDE1C70-1CE2-4BDD-A85B-0C0B8676C25D}.Release|Any CPU.ActiveCfg = Release|Any CPU
		{7EDE1C70-1CE2-4BDD-A85B-0C0B8676C25D}.Release|Any CPU.Build.0 = Release|Any CPU
		{7D7D50DE-B739-4872-B46F-1D65B1A34430}.Debug|Any CPU.ActiveCfg = Debug|Any CPU
		{7D7D50DE-B739-4872-B46F-1D65B1A34430}.Debug|Any CPU.Build.0 = Debug|Any CPU
		{7D7D50DE-B739-4872-B46F-1D65B1A34430}.Release|Any CPU.ActiveCfg = Release|Any CPU
		{7D7D50DE-B739-4872-B46F-1D65B1A34430}.Release|Any CPU.Build.0 = Release|Any CPU
	EndGlobalSection
EndGlobal
